
Microsoft Visual Studio Solution File, Format Version 12.00
# Visual Studio Version 17
VisualStudioVersion = 17.14.36221.1 d17.14
MinimumVisualStudioVersion = 10.0.40219.1
Project("{FAE04EC0-301F-11D3-BF4B-00C04F79EFBC}") = "sk-multi-agent-system", "sk-multi-agent-system\sk-multi-agent-system.csproj", "{D6D530DD-273A-44F6-BA3C-8346403A2EC9}"
EndProject
Global
	GlobalSection(SolutionConfigurationPlatforms) = preSolution
		Debug|Any CPU = Debug|Any CPU
		Release|Any CPU = Release|Any CPU
	EndGlobalSection
	GlobalSection(ProjectConfigurationPlatforms) = postSolution
		{D6D530DD-273A-44F6-BA3C-8346403A2EC9}.Debug|Any CPU.ActiveCfg = Debug|Any CPU
		{D6D530DD-273A-44F6-BA3C-8346403A2EC9}.Debug|Any CPU.Build.0 = Debug|Any CPU
		{D6D530DD-273A-44F6-BA3C-8346403A2EC9}.Release|Any CPU.ActiveCfg = Release|Any CPU
		{D6D530DD-273A-44F6-BA3C-8346403A2EC9}.Release|Any CPU.Build.0 = Release|Any CPU
	EndGlobalSection
	GlobalSection(SolutionProperties) = preSolution
		HideSolutionNode = FALSE
	EndGlobalSection
	GlobalSection(ExtensibilityGlobals) = postSolution
		SolutionGuid = {65DB6CB6-9520-4511-84D4-FA446A41E58E}
	EndGlobalSection
EndGlobal
